
Microsoft Visual Studio Solution File, Format Version 11.00
# Visual Studio 2010
Project("{FAE04EC0-301F-11D3-BF4B-00C04F79EFBC}") = "IntegerToBinary", "IntegerToBinary\IntegerToBinary.csproj", "{2841ECB3-7976-41B6-8F0A-9221A0A6283E}"
EndProject
Global
	GlobalSection(SolutionConfigurationPlatforms) = preSolution
		Debug|x86 = Debug|x86
		Release|x86 = Release|x86
	EndGlobalSection
	GlobalSection(ProjectConfigurationPlatforms) = postSolution
		{2841ECB3-7976-41B6-8F0A-9221A0A6283E}.Debug|x86.ActiveCfg = Debug|x86
		{2841ECB3-7976-41B6-8F0A-9221A0A6283E}.Debug|x86.Build.0 = Debug|x86
		{2841ECB3-7976-41B6-8F0A-9221A0A6283E}.Release|x86.ActiveCfg = Release|x86
		{2841ECB3-7976-41B6-8F0A-9221A0A6283E}.Release|x86.Build.0 = Release|x86
	EndGlobalSection
	GlobalSection(SolutionProperties) = preSolution
		HideSolutionNode = FALSE
	EndGlobalSection
EndGlobal
